
Microsoft Visual Studio Solution File, Format Version 12.00
# Visual Studio Version 17
VisualStudioVersion = 17.6.33829.357
MinimumVisualStudioVersion = 10.0.40219.1
Project("{888888A0-9F3D-457C-B088-3A5042F75D52}") = "ProgramingParadigm", "ProgramingParadigm.pyproj", "{08CD6B56-AAE2-4608-8D3B-7B6827A59A20}"
EndProject
Global
	GlobalSection(SolutionConfigurationPlatforms) = preSolution
		Debug|Any CPU = Debug|Any CPU
		Release|Any CPU = Release|Any CPU
	EndGlobalSection
	GlobalSection(ProjectConfigurationPlatforms) = postSolution
		{08CD6B56-AAE2-4608-8D3B-7B6827A59A20}.Debug|Any CPU.ActiveCfg = Debug|Any CPU
		{08CD6B56-AAE2-4608-8D3B-7B6827A59A20}.Release|Any CPU.ActiveCfg = Release|Any CPU
	EndGlobalSection
	GlobalSection(SolutionProperties) = preSolution
		HideSolutionNode = FALSE
	EndGlobalSection
	GlobalSection(ExtensibilityGlobals) = postSolution
		SolutionGuid = {CB7576AB-D0D2-411B-B253-43ADE91F27D0}
	EndGlobalSection
EndGlobal
